{
  "name": "asp.net",
  "version": "1.0.0",
  "lockfileVersion": 2,
  "requires": true,
  "packages": {
    "": {
      "name": "asp.net",
      "version": "1.0.0",
      "dependencies": {
        "@types/lucile": "file:../../../src/Lucile.Node/pack/client-settings"
      },
      "devDependencies": {}
    },
    "../../../src/Lucile.Node/pack/client-settings": {
      "name": "@types/lucile",
      "version": "1.0.0",
      "license": "MIT"
    },
    "node_modules/@types/lucile": {
      "resolved": "../../../src/Lucile.Node/pack/client-settings",
      "link": true
    }
  },
  "dependencies": {
    "@types/lucile": {
      "version": "file:../../../src/Lucile.Node/pack/client-settings"
    }
  }
}
