{
  "name": "nodejs-console-app1",
  "version": "0.0.0",
  "lockfileVersion": 2,
  "requires": true,
  "packages": {
    "": {
      "name": "nodejs-console-app1",
      "version": "0.0.0",
      "devDependencies": {
        "@types/node": "^8.0.14",
        "typescript": "^3.2.2"
      }
    },
    "node_modules/@types/node": {
      "version": "8.10.59",
      "resolved": "https://registry.npmjs.org/@types/node/-/node-8.10.59.tgz",
      "integrity": "sha512-8RkBivJrDCyPpBXhVZcjh7cQxVBSmRk9QM7hOketZzp6Tg79c0N8kkpAIito9bnJ3HCVCHVYz+KHTEbfQNfeVQ==",
      "dev": true
    },
    "node_modules/typescript": {
      "version": "3.8.3",
      "resolved": "https://registry.npmjs.org/typescript/-/typescript-3.8.3.tgz",
      "integrity": "sha512-MYlEfn5VrLNsgudQTVJeNaQFUAI7DkhnOjdpAp4T+ku1TfQClewlbSuTVHiA+8skNBgaf02TL/kLOvig4y3G8w==",
      "dev": true,
      "bin": {
        "tsc": "bin/tsc",
        "tsserver": "bin/tsserver"
      },
      "engines": {
        "node": ">=4.2.0"
      }
    }
  },
  "dependencies": {
    "@types/node": {
      "version": "8.10.59",
      "resolved": "https://registry.npmjs.org/@types/node/-/node-8.10.59.tgz",
      "integrity": "sha512-8RkBivJrDCyPpBXhVZcjh7cQxVBSmRk9QM7hOketZzp6Tg79c0N8kkpAIito9bnJ3HCVCHVYz+KHTEbfQNfeVQ==",
      "dev": true
    },
    "typescript": {
      "version": "3.8.3",
      "resolved": "https://registry.npmjs.org/typescript/-/typescript-3.8.3.tgz",
      "integrity": "sha512-MYlEfn5VrLNsgudQTVJeNaQFUAI7DkhnOjdpAp4T+ku1TfQClewlbSuTVHiA+8skNBgaf02TL/kLOvig4y3G8w==",
      "dev": true
    }
  }
}
