
Microsoft Visual Studio Solution File, Format Version 12.00
# Visual Studio Version 17
VisualStudioVersion = 17.0.32014.148
MinimumVisualStudioVersion = 10.0.40219.1
Project("{2150E333-8FDC-42A3-9474-1A3956D46DE8}") = "src", "src", "{67FDFE16-B5A1-481C-8375-87EE40610DC2}"
EndProject
Project("{2150E333-8FDC-42A3-9474-1A3956D46DE8}") = "Solution Items", "Solution Items", "{47A7F327-46A5-4A4D-B340-D6F1F795E09C}"
EndProject
Project("{2150E333-8FDC-42A3-9474-1A3956D46DE8}") = "global", "global", "{88DC6596-58CA-45A6-B5D3-59B9039B2E83}"
	ProjectSection(SolutionItems) = preProject
		global\stylecop.json = global\stylecop.json
		global\Stylecop.ruleset = global\Stylecop.ruleset
	EndProjectSection
EndProject
Project("{2150E333-8FDC-42A3-9474-1A3956D46DE8}") = "test", "test", "{FB263B3F-F589-4277-8C98-C3C3E0E65D5F}"
EndProject
Project("{9A19103F-16F7-4668-BE54-9A1E7A4F7556}") = "Lucile.Core", "src\Lucile.Core\Lucile.Core.csproj", "{8A8ECC86-0041-4B9E-AC58-3430786A24B6}"
EndProject
Project("{9A19103F-16F7-4668-BE54-9A1E7A4F7556}") = "Lucile.Primitives", "src\Lucile.Primitives\Lucile.Primitives.csproj", "{CA770A5C-A95F-4FBF-B3B3-9DCCF7877871}"
EndProject
Project("{9A19103F-16F7-4668-BE54-9A1E7A4F7556}") = "Lucile.Core.Test", "test\Lucile.Core.Test\Lucile.Core.Test.csproj", "{4D8239D7-191E-44AF-A031-97C344361B44}"
EndProject
Project("{9A19103F-16F7-4668-BE54-9A1E7A4F7556}") = "Lucile.EntityFrameworkCore", "src\Lucile.EntityFrameworkCore\Lucile.EntityFrameworkCore.csproj", "{86738210-6B1D-475A-88A1-BB08B286F3A3}"
EndProject
Project("{9A19103F-16F7-4668-BE54-9A1E7A4F7556}") = "Lucile.EntityFrameworkCore.Test", "test\Lucile.entityFrameworkCore.Test\Lucile.EntityFrameworkCore.Test.csproj", "{79EC5934-91E5-48AB-B8B7-A43C8E5F7F08}"
EndProject
Project("{9A19103F-16F7-4668-BE54-9A1E7A4F7556}") = "Lucile.Test.Model", "test\Lucile.Test.Model\Lucile.Test.Model.csproj", "{7ADE3FF4-FAA8-4128-AB6F-2BCD9F593955}"
EndProject
Project("{9A19103F-16F7-4668-BE54-9A1E7A4F7556}") = "Lucile.EntityFramework", "src\Lucile.EntityFramework\Lucile.EntityFramework.csproj", "{34EFF42E-DD3E-45D3-8C07-C60FFD0FE0C5}"
EndProject
Project("{9A19103F-16F7-4668-BE54-9A1E7A4F7556}") = "Lucile.Core.Test.Module1", "test\Lucile.Core.Test.Module1\Lucile.Core.Test.Module1.csproj", "{5B90541B-C6B6-4DC2-91AA-F6F4378A375B}"
EndProject
Project("{9A19103F-16F7-4668-BE54-9A1E7A4F7556}") = "Lucile.ServiceModel", "src\Lucile.ServiceModel\Lucile.ServiceModel.csproj", "{42E10DF2-CC69-4CC8-870F-F2DB6F80DB41}"
EndProject
Project("{9A19103F-16F7-4668-BE54-9A1E7A4F7556}") = "Lucile.ServiceModel.Test", "test\Lucile.ServiceModel.Test\Lucile.ServiceModel.Test.csproj", "{DD2516E6-1B32-4472-ACD3-A099A09C38E7}"
EndProject
Project("{9A19103F-16F7-4668-BE54-9A1E7A4F7556}") = "Lucile.Windows", "src\Lucile.Windows\Lucile.Windows.csproj", "{415D5944-E59A-434F-B357-C543399E7A53}"
EndProject
Project("{9A19103F-16F7-4668-BE54-9A1E7A4F7556}") = "Lucile.EntityFramework.Test", "test\Lucile.EntityFramework.Test\Lucile.EntityFramework.Test.csproj", "{2FD1E504-FB70-45EA-98E8-B7BA0B7C0DAF}"
EndProject
Project("{9A19103F-16F7-4668-BE54-9A1E7A4F7556}") = "Lucile.ServiceModel.DependencyInjection", "src\Lucile.ServiceModel.DependencyInjection\Lucile.ServiceModel.DependencyInjection.csproj", "{E1D2B1BB-A062-494F-9D44-775199DA4D1B}"
EndProject
Project("{9A19103F-16F7-4668-BE54-9A1E7A4F7556}") = "Lucile.Dynamic", "src\Lucile.Dynamic\Lucile.Dynamic.csproj", "{F22BC92F-A37B-473F-91B4-BD62F99AD524}"
EndProject
Project("{9A19103F-16F7-4668-BE54-9A1E7A4F7556}") = "Lucile.Dynamic.Test", "test\Lucile.Dynamic.Test\Lucile.Dynamic.Test.csproj", "{E35CD476-03FD-46D6-B9FC-451B9214E745}"
EndProject
Project("{9A19103F-16F7-4668-BE54-9A1E7A4F7556}") = "Lucile.Dynamic.DependencyInjection", "src\Lucile.Dynamic.DependencyInjection\Lucile.Dynamic.DependencyInjection.csproj", "{0864C84F-4D34-47A3-87C0-B7C343733AF1}"
EndProject
Project("{9A19103F-16F7-4668-BE54-9A1E7A4F7556}") = "Lucile.Signed.Test.Model", "test\Lucile.Signed.Test.Model\Lucile.Signed.Test.Model.csproj", "{637BE3E5-E856-4FF0-AFF1-B44CE09E59E2}"
EndProject
Project("{9A19103F-16F7-4668-BE54-9A1E7A4F7556}") = "Lucile.AspNetCore", "src\Lucile.AspNetCore\Lucile.AspNetCore.csproj", "{F405BF55-A1D1-409A-85AB-90FE33B2D93D}"
EndProject
Project("{9A19103F-16F7-4668-BE54-9A1E7A4F7556}") = "Lucile.AspNetCore.Demo", "test\Lucile.AspNetCore.Demo\Lucile.AspNetCore.Demo.csproj", "{EA6E4F90-532B-44A2-B4AB-8A3A777012D6}"
EndProject
Project("{9092AA53-FB77-4645-B42D-1CCCA6BD08BD}") = "Lucile.Node", "src\Lucile.Node\Lucile.Node.njsproj", "{62EFBB30-3561-4A14-B046-6F3AEA521F0F}"
EndProject
Global
	GlobalSection(SolutionConfigurationPlatforms) = preSolution
		Debug EF60|Any CPU = Debug EF60|Any CPU
		Debug EF70|Any CPU = Debug EF70|Any CPU
		Debug|Any CPU = Debug|Any CPU
		Release|Any CPU = Release|Any CPU
	EndGlobalSection
	GlobalSection(ProjectConfigurationPlatforms) = postSolution
		{8A8ECC86-0041-4B9E-AC58-3430786A24B6}.Debug EF60|Any CPU.ActiveCfg = Debug EF60|Any CPU
		{8A8ECC86-0041-4B9E-AC58-3430786A24B6}.Debug EF60|Any CPU.Build.0 = Debug EF60|Any CPU
		{8A8ECC86-0041-4B9E-AC58-3430786A24B6}.Debug EF70|Any CPU.ActiveCfg = Debug EF70|Any CPU
		{8A8ECC86-0041-4B9E-AC58-3430786A24B6}.Debug EF70|Any CPU.Build.0 = Debug EF70|Any CPU
		{8A8ECC86-0041-4B9E-AC58-3430786A24B6}.Debug|Any CPU.ActiveCfg = Debug|Any CPU
		{8A8ECC86-0041-4B9E-AC58-3430786A24B6}.Debug|Any CPU.Build.0 = Debug|Any CPU
		{8A8ECC86-0041-4B9E-AC58-3430786A24B6}.Release|Any CPU.ActiveCfg = Release|Any CPU
		{8A8ECC86-0041-4B9E-AC58-3430786A24B6}.Release|Any CPU.Build.0 = Release|Any CPU
		{CA770A5C-A95F-4FBF-B3B3-9DCCF7877871}.Debug EF60|Any CPU.ActiveCfg = Debug EF60|Any CPU
		{CA770A5C-A95F-4FBF-B3B3-9DCCF7877871}.Debug EF60|Any CPU.Build.0 = Debug EF60|Any CPU
		{CA770A5C-A95F-4FBF-B3B3-9DCCF7877871}.Debug EF70|Any CPU.ActiveCfg = Debug EF70|Any CPU
		{CA770A5C-A95F-4FBF-B3B3-9DCCF7877871}.Debug EF70|Any CPU.Build.0 = Debug EF70|Any CPU
		{CA770A5C-A95F-4FBF-B3B3-9DCCF7877871}.Debug|Any CPU.ActiveCfg = Debug|Any CPU
		{CA770A5C-A95F-4FBF-B3B3-9DCCF7877871}.Debug|Any CPU.Build.0 = Debug|Any CPU
		{CA770A5C-A95F-4FBF-B3B3-9DCCF7877871}.Release|Any CPU.ActiveCfg = Release|Any CPU
		{CA770A5C-A95F-4FBF-B3B3-9DCCF7877871}.Release|Any CPU.Build.0 = Release|Any CPU
		{4D8239D7-191E-44AF-A031-97C344361B44}.Debug EF60|Any CPU.ActiveCfg = Debug EF60|Any CPU
		{4D8239D7-191E-44AF-A031-97C344361B44}.Debug EF60|Any CPU.Build.0 = Debug EF60|Any CPU
		{4D8239D7-191E-44AF-A031-97C344361B44}.Debug EF70|Any CPU.ActiveCfg = Debug EF70|Any CPU
		{4D8239D7-191E-44AF-A031-97C344361B44}.Debug EF70|Any CPU.Build.0 = Debug EF70|Any CPU
		{4D8239D7-191E-44AF-A031-97C344361B44}.Debug|Any CPU.ActiveCfg = Debug|Any CPU
		{4D8239D7-191E-44AF-A031-97C344361B44}.Debug|Any CPU.Build.0 = Debug|Any CPU
		{4D8239D7-191E-44AF-A031-97C344361B44}.Release|Any CPU.ActiveCfg = Release|Any CPU
		{4D8239D7-191E-44AF-A031-97C344361B44}.Release|Any CPU.Build.0 = Release|Any CPU
		{86738210-6B1D-475A-88A1-BB08B286F3A3}.Debug EF60|Any CPU.ActiveCfg = Debug EF60|Any CPU
		{86738210-6B1D-475A-88A1-BB08B286F3A3}.Debug EF60|Any CPU.Build.0 = Debug EF60|Any CPU
		{86738210-6B1D-475A-88A1-BB08B286F3A3}.Debug EF70|Any CPU.ActiveCfg = Debug EF70|Any CPU
		{86738210-6B1D-475A-88A1-BB08B286F3A3}.Debug EF70|Any CPU.Build.0 = Debug EF70|Any CPU
		{86738210-6B1D-475A-88A1-BB08B286F3A3}.Debug|Any CPU.ActiveCfg = Debug|Any CPU
		{86738210-6B1D-475A-88A1-BB08B286F3A3}.Debug|Any CPU.Build.0 = Debug|Any CPU
		{86738210-6B1D-475A-88A1-BB08B286F3A3}.Release|Any CPU.ActiveCfg = Release|Any CPU
		{86738210-6B1D-475A-88A1-BB08B286F3A3}.Release|Any CPU.Build.0 = Release|Any CPU
		{79EC5934-91E5-48AB-B8B7-A43C8E5F7F08}.Debug EF60|Any CPU.ActiveCfg = Debug EF60|Any CPU
		{79EC5934-91E5-48AB-B8B7-A43C8E5F7F08}.Debug EF60|Any CPU.Build.0 = Debug EF60|Any CPU
		{79EC5934-91E5-48AB-B8B7-A43C8E5F7F08}.Debug EF70|Any CPU.ActiveCfg = Debug EF70|Any CPU
		{79EC5934-91E5-48AB-B8B7-A43C8E5F7F08}.Debug EF70|Any CPU.Build.0 = Debug EF70|Any CPU
		{79EC5934-91E5-48AB-B8B7-A43C8E5F7F08}.Debug|Any CPU.ActiveCfg = Debug|Any CPU
		{79EC5934-91E5-48AB-B8B7-A43C8E5F7F08}.Debug|Any CPU.Build.0 = Debug|Any CPU
		{79EC5934-91E5-48AB-B8B7-A43C8E5F7F08}.Release|Any CPU.ActiveCfg = Release|Any CPU
		{79EC5934-91E5-48AB-B8B7-A43C8E5F7F08}.Release|Any CPU.Build.0 = Release|Any CPU
		{7ADE3FF4-FAA8-4128-AB6F-2BCD9F593955}.Debug EF60|Any CPU.ActiveCfg = Debug EF60|Any CPU
		{7ADE3FF4-FAA8-4128-AB6F-2BCD9F593955}.Debug EF60|Any CPU.Build.0 = Debug EF60|Any CPU
		{7ADE3FF4-FAA8-4128-AB6F-2BCD9F593955}.Debug EF70|Any CPU.ActiveCfg = Debug EF70|Any CPU
		{7ADE3FF4-FAA8-4128-AB6F-2BCD9F593955}.Debug EF70|Any CPU.Build.0 = Debug EF70|Any CPU
		{7ADE3FF4-FAA8-4128-AB6F-2BCD9F593955}.Debug|Any CPU.ActiveCfg = Debug|Any CPU
		{7ADE3FF4-FAA8-4128-AB6F-2BCD9F593955}.Debug|Any CPU.Build.0 = Debug|Any CPU
		{7ADE3FF4-FAA8-4128-AB6F-2BCD9F593955}.Release|Any CPU.ActiveCfg = Release|Any CPU
		{7ADE3FF4-FAA8-4128-AB6F-2BCD9F593955}.Release|Any CPU.Build.0 = Release|Any CPU
		{34EFF42E-DD3E-45D3-8C07-C60FFD0FE0C5}.Debug EF60|Any CPU.ActiveCfg = Debug EF60|Any CPU
		{34EFF42E-DD3E-45D3-8C07-C60FFD0FE0C5}.Debug EF60|Any CPU.Build.0 = Debug EF60|Any CPU
		{34EFF42E-DD3E-45D3-8C07-C60FFD0FE0C5}.Debug EF70|Any CPU.ActiveCfg = Debug EF70|Any CPU
		{34EFF42E-DD3E-45D3-8C07-C60FFD0FE0C5}.Debug EF70|Any CPU.Build.0 = Debug EF70|Any CPU
		{34EFF42E-DD3E-45D3-8C07-C60FFD0FE0C5}.Debug|Any CPU.ActiveCfg = Debug|Any CPU
		{34EFF42E-DD3E-45D3-8C07-C60FFD0FE0C5}.Debug|Any CPU.Build.0 = Debug|Any CPU
		{34EFF42E-DD3E-45D3-8C07-C60FFD0FE0C5}.Release|Any CPU.ActiveCfg = Release|Any CPU
		{34EFF42E-DD3E-45D3-8C07-C60FFD0FE0C5}.Release|Any CPU.Build.0 = Release|Any CPU
		{5B90541B-C6B6-4DC2-91AA-F6F4378A375B}.Debug EF60|Any CPU.ActiveCfg = Debug EF60|Any CPU
		{5B90541B-C6B6-4DC2-91AA-F6F4378A375B}.Debug EF60|Any CPU.Build.0 = Debug EF60|Any CPU
		{5B90541B-C6B6-4DC2-91AA-F6F4378A375B}.Debug EF70|Any CPU.ActiveCfg = Debug EF70|Any CPU
		{5B90541B-C6B6-4DC2-91AA-F6F4378A375B}.Debug EF70|Any CPU.Build.0 = Debug EF70|Any CPU
		{5B90541B-C6B6-4DC2-91AA-F6F4378A375B}.Debug|Any CPU.ActiveCfg = Debug|Any CPU
		{5B90541B-C6B6-4DC2-91AA-F6F4378A375B}.Debug|Any CPU.Build.0 = Debug|Any CPU
		{5B90541B-C6B6-4DC2-91AA-F6F4378A375B}.Release|Any CPU.ActiveCfg = Release|Any CPU
		{5B90541B-C6B6-4DC2-91AA-F6F4378A375B}.Release|Any CPU.Build.0 = Release|Any CPU
		{42E10DF2-CC69-4CC8-870F-F2DB6F80DB41}.Debug EF60|Any CPU.ActiveCfg = Debug EF60|Any CPU
		{42E10DF2-CC69-4CC8-870F-F2DB6F80DB41}.Debug EF60|Any CPU.Build.0 = Debug EF60|Any CPU
		{42E10DF2-CC69-4CC8-870F-F2DB6F80DB41}.Debug EF70|Any CPU.ActiveCfg = Debug EF70|Any CPU
		{42E10DF2-CC69-4CC8-870F-F2DB6F80DB41}.Debug EF70|Any CPU.Build.0 = Debug EF70|Any CPU
		{42E10DF2-CC69-4CC8-870F-F2DB6F80DB41}.Debug|Any CPU.ActiveCfg = Debug|Any CPU
		{42E10DF2-CC69-4CC8-870F-F2DB6F80DB41}.Debug|Any CPU.Build.0 = Debug|Any CPU
		{42E10DF2-CC69-4CC8-870F-F2DB6F80DB41}.Release|Any CPU.ActiveCfg = Release|Any CPU
		{42E10DF2-CC69-4CC8-870F-F2DB6F80DB41}.Release|Any CPU.Build.0 = Release|Any CPU
		{DD2516E6-1B32-4472-ACD3-A099A09C38E7}.Debug EF60|Any CPU.ActiveCfg = Debug EF60|Any CPU
		{DD2516E6-1B32-4472-ACD3-A099A09C38E7}.Debug EF60|Any CPU.Build.0 = Debug EF60|Any CPU
		{DD2516E6-1B32-4472-ACD3-A099A09C38E7}.Debug EF70|Any CPU.ActiveCfg = Debug EF70|Any CPU
		{DD2516E6-1B32-4472-ACD3-A099A09C38E7}.Debug EF70|Any CPU.Build.0 = Debug EF70|Any CPU
		{DD2516E6-1B32-4472-ACD3-A099A09C38E7}.Debug|Any CPU.ActiveCfg = Debug|Any CPU
		{DD2516E6-1B32-4472-ACD3-A099A09C38E7}.Debug|Any CPU.Build.0 = Debug|Any CPU
		{DD2516E6-1B32-4472-ACD3-A099A09C38E7}.Release|Any CPU.ActiveCfg = Release|Any CPU
		{DD2516E6-1B32-4472-ACD3-A099A09C38E7}.Release|Any CPU.Build.0 = Release|Any CPU
		{415D5944-E59A-434F-B357-C543399E7A53}.Debug EF60|Any CPU.ActiveCfg = Debug EF60|Any CPU
		{415D5944-E59A-434F-B357-C543399E7A53}.Debug EF60|Any CPU.Build.0 = Debug EF60|Any CPU
		{415D5944-E59A-434F-B357-C543399E7A53}.Debug EF70|Any CPU.ActiveCfg = Debug EF70|Any CPU
		{415D5944-E59A-434F-B357-C543399E7A53}.Debug EF70|Any CPU.Build.0 = Debug EF70|Any CPU
		{415D5944-E59A-434F-B357-C543399E7A53}.Debug|Any CPU.ActiveCfg = Debug|Any CPU
		{415D5944-E59A-434F-B357-C543399E7A53}.Debug|Any CPU.Build.0 = Debug|Any CPU
		{415D5944-E59A-434F-B357-C543399E7A53}.Release|Any CPU.ActiveCfg = Release|Any CPU
		{415D5944-E59A-434F-B357-C543399E7A53}.Release|Any CPU.Build.0 = Release|Any CPU
		{2FD1E504-FB70-45EA-98E8-B7BA0B7C0DAF}.Debug EF60|Any CPU.ActiveCfg = Debug EF60|Any CPU
		{2FD1E504-FB70-45EA-98E8-B7BA0B7C0DAF}.Debug EF60|Any CPU.Build.0 = Debug EF60|Any CPU
		{2FD1E504-FB70-45EA-98E8-B7BA0B7C0DAF}.Debug EF70|Any CPU.ActiveCfg = Debug EF70|Any CPU
		{2FD1E504-FB70-45EA-98E8-B7BA0B7C0DAF}.Debug EF70|Any CPU.Build.0 = Debug EF70|Any CPU
		{2FD1E504-FB70-45EA-98E8-B7BA0B7C0DAF}.Debug|Any CPU.ActiveCfg = Debug|Any CPU
		{2FD1E504-FB70-45EA-98E8-B7BA0B7C0DAF}.Debug|Any CPU.Build.0 = Debug|Any CPU
		{2FD1E504-FB70-45EA-98E8-B7BA0B7C0DAF}.Release|Any CPU.ActiveCfg = Release|Any CPU
		{2FD1E504-FB70-45EA-98E8-B7BA0B7C0DAF}.Release|Any CPU.Build.0 = Release|Any CPU
		{E1D2B1BB-A062-494F-9D44-775199DA4D1B}.Debug EF60|Any CPU.ActiveCfg = Debug EF60|Any CPU
		{E1D2B1BB-A062-494F-9D44-775199DA4D1B}.Debug EF60|Any CPU.Build.0 = Debug EF60|Any CPU
		{E1D2B1BB-A062-494F-9D44-775199DA4D1B}.Debug EF70|Any CPU.ActiveCfg = Debug EF70|Any CPU
		{E1D2B1BB-A062-494F-9D44-775199DA4D1B}.Debug EF70|Any CPU.Build.0 = Debug EF70|Any CPU
		{E1D2B1BB-A062-494F-9D44-775199DA4D1B}.Debug|Any CPU.ActiveCfg = Debug|Any CPU
		{E1D2B1BB-A062-494F-9D44-775199DA4D1B}.Debug|Any CPU.Build.0 = Debug|Any CPU
		{E1D2B1BB-A062-494F-9D44-775199DA4D1B}.Release|Any CPU.ActiveCfg = Release|Any CPU
		{E1D2B1BB-A062-494F-9D44-775199DA4D1B}.Release|Any CPU.Build.0 = Release|Any CPU
		{F22BC92F-A37B-473F-91B4-BD62F99AD524}.Debug EF60|Any CPU.ActiveCfg = Debug EF60|Any CPU
		{F22BC92F-A37B-473F-91B4-BD62F99AD524}.Debug EF60|Any CPU.Build.0 = Debug EF60|Any CPU
		{F22BC92F-A37B-473F-91B4-BD62F99AD524}.Debug EF70|Any CPU.ActiveCfg = Debug EF70|Any CPU
		{F22BC92F-A37B-473F-91B4-BD62F99AD524}.Debug EF70|Any CPU.Build.0 = Debug EF70|Any CPU
		{F22BC92F-A37B-473F-91B4-BD62F99AD524}.Debug|Any CPU.ActiveCfg = Debug|Any CPU
		{F22BC92F-A37B-473F-91B4-BD62F99AD524}.Debug|Any CPU.Build.0 = Debug|Any CPU
		{F22BC92F-A37B-473F-91B4-BD62F99AD524}.Release|Any CPU.ActiveCfg = Release|Any CPU
		{F22BC92F-A37B-473F-91B4-BD62F99AD524}.Release|Any CPU.Build.0 = Release|Any CPU
		{E35CD476-03FD-46D6-B9FC-451B9214E745}.Debug EF60|Any CPU.ActiveCfg = Debug EF60|Any CPU
		{E35CD476-03FD-46D6-B9FC-451B9214E745}.Debug EF60|Any CPU.Build.0 = Debug EF60|Any CPU
		{E35CD476-03FD-46D6-B9FC-451B9214E745}.Debug EF70|Any CPU.ActiveCfg = Debug EF70|Any CPU
		{E35CD476-03FD-46D6-B9FC-451B9214E745}.Debug EF70|Any CPU.Build.0 = Debug EF70|Any CPU
		{E35CD476-03FD-46D6-B9FC-451B9214E745}.Debug|Any CPU.ActiveCfg = Debug|Any CPU
		{E35CD476-03FD-46D6-B9FC-451B9214E745}.Debug|Any CPU.Build.0 = Debug|Any CPU
		{E35CD476-03FD-46D6-B9FC-451B9214E745}.Release|Any CPU.ActiveCfg = Release|Any CPU
		{E35CD476-03FD-46D6-B9FC-451B9214E745}.Release|Any CPU.Build.0 = Release|Any CPU
		{0864C84F-4D34-47A3-87C0-B7C343733AF1}.Debug EF60|Any CPU.ActiveCfg = Debug EF60|Any CPU
		{0864C84F-4D34-47A3-87C0-B7C343733AF1}.Debug EF60|Any CPU.Build.0 = Debug EF60|Any CPU
		{0864C84F-4D34-47A3-87C0-B7C343733AF1}.Debug EF70|Any CPU.ActiveCfg = Debug EF70|Any CPU
		{0864C84F-4D34-47A3-87C0-B7C343733AF1}.Debug EF70|Any CPU.Build.0 = Debug EF70|Any CPU
		{0864C84F-4D34-47A3-87C0-B7C343733AF1}.Debug|Any CPU.ActiveCfg = Debug|Any CPU
		{0864C84F-4D34-47A3-87C0-B7C343733AF1}.Debug|Any CPU.Build.0 = Debug|Any CPU
		{0864C84F-4D34-47A3-87C0-B7C343733AF1}.Release|Any CPU.ActiveCfg = Release|Any CPU
		{0864C84F-4D34-47A3-87C0-B7C343733AF1}.Release|Any CPU.Build.0 = Release|Any CPU
		{637BE3E5-E856-4FF0-AFF1-B44CE09E59E2}.Debug EF60|Any CPU.ActiveCfg = Debug EF60|Any CPU
		{637BE3E5-E856-4FF0-AFF1-B44CE09E59E2}.Debug EF60|Any CPU.Build.0 = Debug EF60|Any CPU
		{637BE3E5-E856-4FF0-AFF1-B44CE09E59E2}.Debug EF70|Any CPU.ActiveCfg = Debug EF70|Any CPU
		{637BE3E5-E856-4FF0-AFF1-B44CE09E59E2}.Debug EF70|Any CPU.Build.0 = Debug EF70|Any CPU
		{637BE3E5-E856-4FF0-AFF1-B44CE09E59E2}.Debug|Any CPU.ActiveCfg = Debug|Any CPU
		{637BE3E5-E856-4FF0-AFF1-B44CE09E59E2}.Debug|Any CPU.Build.0 = Debug|Any CPU
		{637BE3E5-E856-4FF0-AFF1-B44CE09E59E2}.Release|Any CPU.ActiveCfg = Release|Any CPU
		{637BE3E5-E856-4FF0-AFF1-B44CE09E59E2}.Release|Any CPU.Build.0 = Release|Any CPU
		{F405BF55-A1D1-409A-85AB-90FE33B2D93D}.Debug EF60|Any CPU.ActiveCfg = Debug EF60|Any CPU
		{F405BF55-A1D1-409A-85AB-90FE33B2D93D}.Debug EF60|Any CPU.Build.0 = Debug EF60|Any CPU
		{F405BF55-A1D1-409A-85AB-90FE33B2D93D}.Debug EF70|Any CPU.ActiveCfg = Debug EF70|Any CPU
		{F405BF55-A1D1-409A-85AB-90FE33B2D93D}.Debug EF70|Any CPU.Build.0 = Debug EF70|Any CPU
		{F405BF55-A1D1-409A-85AB-90FE33B2D93D}.Debug|Any CPU.ActiveCfg = Debug|Any CPU
		{F405BF55-A1D1-409A-85AB-90FE33B2D93D}.Debug|Any CPU.Build.0 = Debug|Any CPU
		{F405BF55-A1D1-409A-85AB-90FE33B2D93D}.Release|Any CPU.ActiveCfg = Release|Any CPU
		{F405BF55-A1D1-409A-85AB-90FE33B2D93D}.Release|Any CPU.Build.0 = Release|Any CPU
		{EA6E4F90-532B-44A2-B4AB-8A3A777012D6}.Debug EF60|Any CPU.ActiveCfg = Debug EF60|Any CPU
		{EA6E4F90-532B-44A2-B4AB-8A3A777012D6}.Debug EF60|Any CPU.Build.0 = Debug EF60|Any CPU
		{EA6E4F90-532B-44A2-B4AB-8A3A777012D6}.Debug EF70|Any CPU.ActiveCfg = Debug EF70|Any CPU
		{EA6E4F90-532B-44A2-B4AB-8A3A777012D6}.Debug EF70|Any CPU.Build.0 = Debug EF70|Any CPU
		{EA6E4F90-532B-44A2-B4AB-8A3A777012D6}.Debug|Any CPU.ActiveCfg = Debug|Any CPU
		{EA6E4F90-532B-44A2-B4AB-8A3A777012D6}.Debug|Any CPU.Build.0 = Debug|Any CPU
		{EA6E4F90-532B-44A2-B4AB-8A3A777012D6}.Release|Any CPU.ActiveCfg = Release|Any CPU
		{EA6E4F90-532B-44A2-B4AB-8A3A777012D6}.Release|Any CPU.Build.0 = Release|Any CPU
		{62EFBB30-3561-4A14-B046-6F3AEA521F0F}.Debug EF60|Any CPU.ActiveCfg = Debug EF60|Any CPU
		{62EFBB30-3561-4A14-B046-6F3AEA521F0F}.Debug EF60|Any CPU.Build.0 = Debug EF60|Any CPU
		{62EFBB30-3561-4A14-B046-6F3AEA521F0F}.Debug EF70|Any CPU.ActiveCfg = Debug EF70|Any CPU
		{62EFBB30-3561-4A14-B046-6F3AEA521F0F}.Debug EF70|Any CPU.Build.0 = Debug EF70|Any CPU
		{62EFBB30-3561-4A14-B046-6F3AEA521F0F}.Debug|Any CPU.ActiveCfg = Debug|Any CPU
		{62EFBB30-3561-4A14-B046-6F3AEA521F0F}.Debug|Any CPU.Build.0 = Debug|Any CPU
		{62EFBB30-3561-4A14-B046-6F3AEA521F0F}.Release|Any CPU.ActiveCfg = Release|Any CPU
		{62EFBB30-3561-4A14-B046-6F3AEA521F0F}.Release|Any CPU.Build.0 = Release|Any CPU
	EndGlobalSection
	GlobalSection(SolutionProperties) = preSolution
		HideSolutionNode = FALSE
	EndGlobalSection
	GlobalSection(NestedProjects) = preSolution
		{88DC6596-58CA-45A6-B5D3-59B9039B2E83} = {47A7F327-46A5-4A4D-B340-D6F1F795E09C}
		{8A8ECC86-0041-4B9E-AC58-3430786A24B6} = {67FDFE16-B5A1-481C-8375-87EE40610DC2}
		{CA770A5C-A95F-4FBF-B3B3-9DCCF7877871} = {67FDFE16-B5A1-481C-8375-87EE40610DC2}
		{4D8239D7-191E-44AF-A031-97C344361B44} = {FB263B3F-F589-4277-8C98-C3C3E0E65D5F}
		{86738210-6B1D-475A-88A1-BB08B286F3A3} = {67FDFE16-B5A1-481C-8375-87EE40610DC2}
		{79EC5934-91E5-48AB-B8B7-A43C8E5F7F08} = {FB263B3F-F589-4277-8C98-C3C3E0E65D5F}
		{7ADE3FF4-FAA8-4128-AB6F-2BCD9F593955} = {FB263B3F-F589-4277-8C98-C3C3E0E65D5F}
		{34EFF42E-DD3E-45D3-8C07-C60FFD0FE0C5} = {67FDFE16-B5A1-481C-8375-87EE40610DC2}
		{5B90541B-C6B6-4DC2-91AA-F6F4378A375B} = {FB263B3F-F589-4277-8C98-C3C3E0E65D5F}
		{42E10DF2-CC69-4CC8-870F-F2DB6F80DB41} = {67FDFE16-B5A1-481C-8375-87EE40610DC2}
		{DD2516E6-1B32-4472-ACD3-A099A09C38E7} = {FB263B3F-F589-4277-8C98-C3C3E0E65D5F}
		{415D5944-E59A-434F-B357-C543399E7A53} = {67FDFE16-B5A1-481C-8375-87EE40610DC2}
		{2FD1E504-FB70-45EA-98E8-B7BA0B7C0DAF} = {FB263B3F-F589-4277-8C98-C3C3E0E65D5F}
		{E1D2B1BB-A062-494F-9D44-775199DA4D1B} = {67FDFE16-B5A1-481C-8375-87EE40610DC2}
		{F22BC92F-A37B-473F-91B4-BD62F99AD524} = {67FDFE16-B5A1-481C-8375-87EE40610DC2}
		{E35CD476-03FD-46D6-B9FC-451B9214E745} = {FB263B3F-F589-4277-8C98-C3C3E0E65D5F}
		{0864C84F-4D34-47A3-87C0-B7C343733AF1} = {67FDFE16-B5A1-481C-8375-87EE40610DC2}
		{637BE3E5-E856-4FF0-AFF1-B44CE09E59E2} = {FB263B3F-F589-4277-8C98-C3C3E0E65D5F}
		{F405BF55-A1D1-409A-85AB-90FE33B2D93D} = {67FDFE16-B5A1-481C-8375-87EE40610DC2}
		{EA6E4F90-532B-44A2-B4AB-8A3A777012D6} = {FB263B3F-F589-4277-8C98-C3C3E0E65D5F}
		{62EFBB30-3561-4A14-B046-6F3AEA521F0F} = {67FDFE16-B5A1-481C-8375-87EE40610DC2}
	EndGlobalSection
	GlobalSection(ExtensibilityGlobals) = postSolution
		SolutionGuid = {E45E49B1-4BB8-4F18-9335-60428857A33F}
	EndGlobalSection
EndGlobal
